
Microsoft Visual Studio Solution File, Format Version 12.00
# Visual Studio Version 17
VisualStudioVersion = 17.4.33213.308
MinimumVisualStudioVersion = 10.0.40219.1
Project("{FAE04EC0-301F-11D3-BF4B-00C04F79EFBC}") = "Tests", "Tests\Tests.csproj", "{82378FEC-986E-404F-87CC-A4D09BB68AE6}"
EndProject
Project("{FAE04EC0-301F-11D3-BF4B-00C04F79EFBC}") = "PageData", "PageData\PageData.csproj", "{C92119E2-D360-4C7A-82B3-8527DCB931D5}"
EndProject
Global
	GlobalSection(SolutionConfigurationPlatforms) = preSolution
		Debug|Any CPU = Debug|Any CPU
		Release|Any CPU = Release|Any CPU
	EndGlobalSection
	GlobalSection(ProjectConfigurationPlatforms) = postSolution
		{82378FEC-986E-404F-87CC-A4D09BB68AE6}.Debug|Any CPU.ActiveCfg = Debug|Any CPU
		{82378FEC-986E-404F-87CC-A4D09BB68AE6}.Debug|Any CPU.Build.0 = Debug|Any CPU
		{82378FEC-986E-404F-87CC-A4D09BB68AE6}.Release|Any CPU.ActiveCfg = Release|Any CPU
		{82378FEC-986E-404F-87CC-A4D09BB68AE6}.Release|Any CPU.Build.0 = Release|Any CPU
		{C92119E2-D360-4C7A-82B3-8527DCB931D5}.Debug|Any CPU.ActiveCfg = Debug|Any CPU
		{C92119E2-D360-4C7A-82B3-8527DCB931D5}.Debug|Any CPU.Build.0 = Debug|Any CPU
		{C92119E2-D360-4C7A-82B3-8527DCB931D5}.Release|Any CPU.ActiveCfg = Release|Any CPU
		{C92119E2-D360-4C7A-82B3-8527DCB931D5}.Release|Any CPU.Build.0 = Release|Any CPU
	EndGlobalSection
	GlobalSection(SolutionProperties) = preSolution
		HideSolutionNode = FALSE
	EndGlobalSection
	GlobalSection(ExtensibilityGlobals) = postSolution
		SolutionGuid = {7D520088-2733-4799-83F9-14162BD1F004}
	EndGlobalSection
EndGlobal
